Microsoft Visual Studio Solution File, Format Version 12.00
# Visual Studio Version 17
VisualStudioVersion = 17.5.2.0
MinimumVisualStudioVersion = 10.0.40219.1
Project("{FAE04EC0-301F-11D3-BF4B-00C04F79EFBC}") = "Llama.cs", "Llama.csproj", "{E6102728-9A2F-AA30-61D3-571E9A2EA051}"
EndProject
Global
	GlobalSection(SolutionConfigurationPlatforms) = preSolution
		Debug|Any CPU = Debug|Any CPU
		Release|Any CPU = Release|Any CPU
	EndGlobalSection
	GlobalSection(ProjectConfigurationPlatforms) = postSolution
		{E6102728-9A2F-AA30-61D3-571E9A2EA051}.Debug|Any CPU.ActiveCfg = Debug|Any CPU
		{E6102728-9A2F-AA30-61D3-571E9A2EA051}.Debug|Any CPU.Build.0 = Debug|Any CPU
		{E6102728-9A2F-AA30-61D3-571E9A2EA051}.Release|Any CPU.ActiveCfg = Release|Any CPU
		{E6102728-9A2F-AA30-61D3-571E9A2EA051}.Release|Any CPU.Build.0 = Release|Any CPU
	EndGlobalSection
	GlobalSection(SolutionProperties) = preSolution
		HideSolutionNode = FALSE
	EndGlobalSection
	GlobalSection(ExtensibilityGlobals) = postSolution
		SolutionGuid = {06B68697-3AD9-435F-A928-A7D7F96DC5C5}
	EndGlobalSection
EndGlobal
